
Microsoft Visual Studio Solution File, Format Version 12.00
# Visual Studio 2013
VisualStudioVersion = 12.0.31101.0
MinimumVisualStudioVersion = 10.0.40219.1
Project("{8BC9CEB8-8B4A-11D0-8D11-00A0C91BC942}") = "ServerMonitor", "ServerMonitor\ServerMonitor.vcxproj", "{48C7BCF4-57C8-4E87-9130-0B542D8EA98D}"
EndProject
Global
	GlobalSection(SolutionConfigurationPlatforms) = preSolution
		Debug|Win32 = Debug|Win32
		Release|Win32 = Release|Win32
	EndGlobalSection
	GlobalSection(ProjectConfigurationPlatforms) = postSolution
		{48C7BCF4-57C8-4E87-9130-0B542D8EA98D}.Debug|Win32.ActiveCfg = Debug|Win32
		{48C7BCF4-57C8-4E87-9130-0B542D8EA98D}.Debug|Win32.Build.0 = Debug|Win32
		{48C7BCF4-57C8-4E87-9130-0B542D8EA98D}.Release|Win32.ActiveCfg = Release|Win32
		{48C7BCF4-57C8-4E87-9130-0B542D8EA98D}.Release|Win32.Build.0 = Release|Win32
	EndGlobalSection
	GlobalSection(SolutionProperties) = preSolution
		HideSolutionNode = FALSE
	EndGlobalSection
EndGlobal
